
Microsoft Visual Studio Solution File, Format Version 12.00
# Visual Studio Version 17
VisualStudioVersion = 17.14.36414.22 d17.14
MinimumVisualStudioVersion = 10.0.40219.1
Project("{FAE04EC0-301F-11D3-BF4B-00C04F79EFBC}") = "ProductManagment", "ProductManagment\ProductManagment.csproj", "{8C8C06FF-52C9-458A-879B-5959F2963645}"
EndProject
Project("{FAE04EC0-301F-11D3-BF4B-00C04F79EFBC}") = "TransactionManagment", "TransactionManagment\TransactionManagment.csproj", "{91C2D7BF-1879-46BE-8E38-9ADF457822A2}"
EndProject
Global
	GlobalSection(SolutionConfigurationPlatforms) = preSolution
		Debug|Any CPU = Debug|Any CPU
		Release|Any CPU = Release|Any CPU
	EndGlobalSection
	GlobalSection(ProjectConfigurationPlatforms) = postSolution
		{8C8C06FF-52C9-458A-879B-5959F2963645}.Debug|Any CPU.ActiveCfg = Debug|Any CPU
		{8C8C06FF-52C9-458A-879B-5959F2963645}.Debug|Any CPU.Build.0 = Debug|Any CPU
		{8C8C06FF-52C9-458A-879B-5959F2963645}.Release|Any CPU.ActiveCfg = Release|Any CPU
		{8C8C06FF-52C9-458A-879B-5959F2963645}.Release|Any CPU.Build.0 = Release|Any CPU
		{91C2D7BF-1879-46BE-8E38-9ADF457822A2}.Debug|Any CPU.ActiveCfg = Debug|Any CPU
		{91C2D7BF-1879-46BE-8E38-9ADF457822A2}.Debug|Any CPU.Build.0 = Debug|Any CPU
		{91C2D7BF-1879-46BE-8E38-9ADF457822A2}.Release|Any CPU.ActiveCfg = Release|Any CPU
		{91C2D7BF-1879-46BE-8E38-9ADF457822A2}.Release|Any CPU.Build.0 = Release|Any CPU
	EndGlobalSection
	GlobalSection(SolutionProperties) = preSolution
		HideSolutionNode = FALSE
	EndGlobalSection
	GlobalSection(ExtensibilityGlobals) = postSolution
		SolutionGuid = {20E3C1E0-B4FF-48BE-BFA0-9B86D2EBE692}
	EndGlobalSection
EndGlobal
